// !$*UTF8*$!
{
	archiveVersion = 1;
	classes = {
	};
	objectVersion = 52;
	objects = {

/* Begin PBXBuildFile section */
		0C189C482479D399000EE6B3 /* main.swift in Sources */ = {isa = PBXBuildFile; fileRef = 0C189C432479D280000EE6B3 /* main.swift */; };
		0C230CDA24884C35005FEEBD /* libBestVPN.a in Frameworks */ = {isa = PBXBuildFile; fileRef = 0CD38AF92486C12E00DB2626 /* libBestVPN.a */; };
		0C34DF93248D50E500FBBD11 /* Cipher.swift in Sources */ = {isa = PBXBuildFile; fileRef = 0C34DF92248D50E500FBBD11 /* Cipher.swift */; };
		0C3C1B5F247039EB00571084 /* VPNConfigurationService.swift in Sources */ = {isa = PBXBuildFile; fileRef = 0C3C1B5E247039EB00571084 /* VPNConfigurationService.swift */; };
		0C3C1B6124703B5E00571084 /* TunnelDetailsView.swift in Sources */ = {isa = PBXBuildFile; fileRef = 0C3C1B6024703B5E00571084 /* TunnelDetailsView.swift */; };
		0C3C1B6524703D8600571084 /* PrimaryButton.swift in Sources */ = {isa = PBXBuildFile; fileRef = 0C3C1B6424703D8600571084 /* PrimaryButton.swift */; };
		0C3C1B692470404A00571084 /* Spinner.swift in Sources */ = {isa = PBXBuildFile; fileRef = 0C3C1B682470404A00571084 /* Spinner.swift */; };
		0C405BED2466FBFE00EB0786 /* AppDelegate.swift in Sources */ = {isa = PBXBuildFile; fileRef = 0C405BEC2466FBFE00EB0786 /* AppDelegate.swift */; };
		0C405BEF2466FBFE00EB0786 /* SceneDelegate.swift in Sources */ = {isa = PBXBuildFile; fileRef = 0C405BEE2466FBFE00EB0786 /* SceneDelegate.swift */; };
		0C405BF12466FBFE00EB0786 /* RouterView.swift in Sources */ = {isa = PBXBuildFile; fileRef = 0C405BF02466FBFE00EB0786 /* RouterView.swift */; };
		0C405BF32466FC0000EB0786 /* Assets.xcassets in Resources */ = {isa = PBXBuildFile; fileRef = 0C405BF22466FC0000EB0786 /* Assets.xcassets */; };
		0C405BF62466FC0000EB0786 /* Preview Assets.xcassets in Resources */ = {isa = PBXBuildFile; fileRef = 0C405BF52466FC0000EB0786 /* Preview Assets.xcassets */; };
		0C405BF92466FC0000EB0786 /* LaunchScreen.storyboard in Resources */ = {isa = PBXBuildFile; fileRef = 0C405BF72466FC0000EB0786 /* LaunchScreen.storyboard */; };
		0C571CBA247050E5006B2931 /* NetworkExtension.framework in Frameworks */ = {isa = PBXBuildFile; fileRef = 0C571CB9247050E5006B2931 /* NetworkExtension.framework */; };
		0C571CBC24705809006B2931 /* SplashView.swift in Sources */ = {isa = PBXBuildFile; fileRef = 0C571CBB24705809006B2931 /* SplashView.swift */; };
		0C571CC42470B4D9006B2931 /* NetworkExtension.framework in Frameworks */ = {isa = PBXBuildFile; fileRef = 0C571CB9247050E5006B2931 /* NetworkExtension.framework */; };
		0C5F7022248DA579000297AB /* libBestVPN.a in Frameworks */ = {isa = PBXBuildFile; fileRef = 0CD38AF92486C12E00DB2626 /* libBestVPN.a */; };
		0CA5FEBD2491B4B400C71D25 /* Keychain.swift in Sources */ = {isa = PBXBuildFile; fileRef = 0CA5FEBC2491B4B400C71D25 /* Keychain.swift */; };
		0CA5FEBE2491B4B400C71D25 /* Keychain.swift in Sources */ = {isa = PBXBuildFile; fileRef = 0CA5FEBC2491B4B400C71D25 /* Keychain.swift */; };
		0CA5FEC12491B72E00C71D25 /* TunnelDetailsViewModel.swift in Sources */ = {isa = PBXBuildFile; fileRef = 0CA5FEC02491B72E00C71D25 /* TunnelDetailsViewModel.swift */; };
		0CAE93DD246F4927007B2E95 /* PacketTunnelProvider.swift in Sources */ = {isa = PBXBuildFile; fileRef = 0CAE93DC246F4927007B2E95 /* PacketTunnelProvider.swift */; };
		0CAE93E2246F4927007B2E95 /* vpn-tunnel.appex in Embed App Extensions */ = {isa = PBXBuildFile; fileRef = 0CAE93DA246F4927007B2E95 /* vpn-tunnel.appex */; settings = {ATTRIBUTES = (RemoveHeadersOnCopy, ); }; };
		0CAE940724702557007B2E95 /* WelcomeView.swift in Sources */ = {isa = PBXBuildFile; fileRef = 0CAE940624702557007B2E95 /* WelcomeView.swift */; };
		0CD38AFC2486C12E00DB2626 /* Packet.swift in Sources */ = {isa = PBXBuildFile; fileRef = 0CD38AFB2486C12E00DB2626 /* Packet.swift */; };
		0CD38B06248735A700DB2626 /* NIO in Frameworks */ = {isa = PBXBuildFile; productRef = 0CD38B05248735A700DB2626 /* NIO */; };
/* End PBXBuildFile section */

/* Begin PBXContainerItemProxy section */
		0C230CDB24884C35005FEEBD /* PBXContainerItemProxy */ = {
			isa = PBXContainerItemProxy;
			containerPortal = 0C405BE12466FBFE00EB0786 /* Project object */;
			proxyType = 1;
			remoteGlobalIDString = 0CD38AF82486C12E00DB2626;
			remoteInfo = "vpn-protocol";
		};
		0C5F7023248DA579000297AB /* PBXContainerItemProxy */ = {
			isa = PBXContainerItemProxy;
			containerPortal = 0C405BE12466FBFE00EB0786 /* Project object */;
			proxyType = 1;
			remoteGlobalIDString = 0CD38AF82486C12E00DB2626;
			remoteInfo = "vpn-protocol";
		};
		0CAE93E0246F4927007B2E95 /* PBXContainerItemProxy */ = {
			isa = PBXContainerItemProxy;
			containerPortal = 0C405BE12466FBFE00EB0786 /* Project object */;
			proxyType = 1;
			remoteGlobalIDString = 0CAE93D9246F4927007B2E95;
			remoteInfo = "vpn-tunnel";
		};
/* End PBXContainerItemProxy section */

/* Begin PBXCopyFilesBuildPhase section */
		0C189C3F2479D280000EE6B3 /* CopyFiles */ = {
			isa = PBXCopyFilesBuildPhase;
			buildActionMask = 2147483647;
			dstPath = /usr/share/man/man1/;
			dstSubfolderSpec = 0;
			files = (
			);
			runOnlyForDeploymentPostprocessing = 1;
		};
		0CAE93D5246F4906007B2E95 /* Embed App Extensions */ = {
			isa = PBXCopyFilesBuildPhase;
			buildActionMask = 2147483647;
			dstPath = "";
			dstSubfolderSpec = 13;
			files = (
				0CAE93E2246F4927007B2E95 /* vpn-tunnel.appex in Embed App Extensions */,
			);
			name = "Embed App Extensions";
			runOnlyForDeploymentPostprocessing = 0;
		};
		0CD38AF72486C12E00DB2626 /* CopyFiles */ = {
			isa = PBXCopyFilesBuildPhase;
			buildActionMask = 2147483647;
			dstPath = "include/$(PRODUCT_NAME)";
			dstSubfolderSpec = 16;
			files = (
			);
			runOnlyForDeploymentPostprocessing = 0;
		};
/* End PBXCopyFilesBuildPhase section */

/* Begin PBXFileReference section */
		0C189C412479D280000EE6B3 /* vpn-server */ = {isa = PBXFileReference; explicitFileType = "compiled.mach-o.executable"; includeInIndex = 0; path = "vpn-server"; sourceTree = BUILT_PRODUCTS_DIR; };
		0C189C432479D280000EE6B3 /* main.swift */ = {isa = PBXFileReference; lastKnownFileType = sourcecode.swift; name = main.swift; path = "vpn-server/main.swift"; sourceTree = SOURCE_ROOT; };
		0C34DF92248D50E500FBBD11 /* Cipher.swift */ = {isa = PBXFileReference; lastKnownFileType = sourcecode.swift; path = Cipher.swift; sourceTree = "<group>"; };
		0C3C1B5D24702E1C00571084 /* README.md */ = {isa = PBXFileReference; lastKnownFileType = net.daringfireball.markdown; path = README.md; sourceTree = "<group>"; };
		0C3C1B5E247039EB00571084 /* VPNConfigurationService.swift */ = {isa = PBXFileReference; lastKnownFileType = sourcecode.swift; path = VPNConfigurationService.swift; sourceTree = "<group>"; };
		0C3C1B6024703B5E00571084 /* TunnelDetailsView.swift */ = {isa = PBXFileReference; lastKnownFileType = sourcecode.swift; path = TunnelDetailsView.swift; sourceTree = "<group>"; };
		0C3C1B6424703D8600571084 /* PrimaryButton.swift */ = {isa = PBXFileReference; lastKnownFileType = sourcecode.swift; path = PrimaryButton.swift; sourceTree = "<group>"; };
		0C3C1B682470404A00571084 /* Spinner.swift */ = {isa = PBXFileReference; lastKnownFileType = sourcecode.swift; path = Spinner.swift; sourceTree = "<group>"; };
		0C405BE92466FBFE00EB0786 /* vpn-client.app */ = {isa = PBXFileReference; explicitFileType = wrapper.application; includeInIndex = 0; path = "vpn-client.app"; sourceTree = BUILT_PRODUCTS_DIR; };
		0C405BEC2466FBFE00EB0786 /* AppDelegate.swift */ = {isa = PBXFileReference; lastKnownFileType = sourcecode.swift; path = AppDelegate.swift; sourceTree = "<group>"; };
		0C405BEE2466FBFE00EB0786 /* SceneDelegate.swift */ = {isa = PBXFileReference; lastKnownFileType = sourcecode.swift; path = SceneDelegate.swift; sourceTree = "<group>"; };
		0C405BF02466FBFE00EB0786 /* RouterView.swift */ = {isa = PBXFileReference; lastKnownFileType = sourcecode.swift; path = RouterView.swift; sourceTree = "<group>"; };
		0C405BF22466FC0000EB0786 /* Assets.xcassets */ = {isa = PBXFileReference; lastKnownFileType = folder.assetcatalog; path = Assets.xcassets; sourceTree = "<group>"; };
		0C405BF52466FC0000EB0786 /* Preview Assets.xcassets */ = {isa = PBXFileReference; lastKnownFileType = folder.assetcatalog; path = "Preview Assets.xcassets"; sourceTree = "<group>"; };
		0C405BF82466FC0000EB0786 /* Base */ = {isa = PBXFileReference; lastKnownFileType = file.storyboard; name = Base; path = Base.lproj/LaunchScreen.storyboard; sourceTree = "<group>"; };
		0C405BFA2466FC0000EB0786 /* Info.plist */ = {isa = PBXFileReference; lastKnownFileType = text.plist.xml; path = Info.plist; sourceTree = "<group>"; };
		0C571CB7247050E5006B2931 /* vpn-client.entitlements */ = {isa = PBXFileReference; lastKnownFileType = text.plist.entitlements; path = "vpn-client.entitlements"; sourceTree = "<group>"; };
		0C571CB9247050E5006B2931 /* NetworkExtension.framework */ = {isa = PBXFileReference; lastKnownFileType = wrapper.framework; name = NetworkExtension.framework; path = System/Library/Frameworks/NetworkExtension.framework; sourceTree = SDKROOT; };
		0C571CBB24705809006B2931 /* SplashView.swift */ = {isa = PBXFileReference; lastKnownFileType = sourcecode.swift; path = SplashView.swift; sourceTree = "<group>"; };
		0C571CC22470B343006B2931 /* libresolv.tbd */ = {isa = PBXFileReference; lastKnownFileType = "sourcecode.text-based-dylib-definition"; name = libresolv.tbd; path = usr/lib/libresolv.tbd; sourceTree = SDKROOT; };
		0CA5FEBC2491B4B400C71D25 /* Keychain.swift */ = {isa = PBXFileReference; lastKnownFileType = sourcecode.swift; path = Keychain.swift; sourceTree = "<group>"; };
		0CA5FEC02491B72E00C71D25 /* TunnelDetailsViewModel.swift */ = {isa = PBXFileReference; lastKnownFileType = sourcecode.swift; path = TunnelDetailsViewModel.swift; sourceTree = "<group>"; };
		0CAE93DA246F4927007B2E95 /* vpn-tunnel.appex */ = {isa = PBXFileReference; explicitFileType = "wrapper.app-extension"; includeInIndex = 0; path = "vpn-tunnel.appex"; sourceTree = BUILT_PRODUCTS_DIR; };
		0CAE93DC246F4927007B2E95 /* PacketTunnelProvider.swift */ = {isa = PBXFileReference; lastKnownFileType = sourcecode.swift; path = PacketTunnelProvider.swift; sourceTree = "<group>"; };
		0CAE93DE246F4927007B2E95 /* Info.plist */ = {isa = PBXFileReference; lastKnownFileType = text.plist.xml; path = Info.plist; sourceTree = "<group>"; };
		0CAE93DF246F4927007B2E95 /* vpn_tunnel.entitlements */ = {isa = PBXFileReference; lastKnownFileType = text.plist.entitlements; path = vpn_tunnel.entitlements; sourceTree = "<group>"; };
		0CAE940624702557007B2E95 /* WelcomeView.swift */ = {isa = PBXFileReference; lastKnownFileType = sourcecode.swift; path = WelcomeView.swift; sourceTree = "<group>"; };
		0CD38AF92486C12E00DB2626 /* libBestVPN.a */ = {isa = PBXFileReference; explicitFileType = archive.ar; includeInIndex = 0; path = libBestVPN.a; sourceTree = BUILT_PRODUCTS_DIR; };
		0CD38AFB2486C12E00DB2626 /* Packet.swift */ = {isa = PBXFileReference; lastKnownFileType = sourcecode.swift; path = Packet.swift; sourceTree = "<group>"; };
/* End PBXFileReference section */

/* Begin PBXFrameworksBuildPhase section */
		0C189C3E2479D280000EE6B3 /* Frameworks */ = {
			isa = PBXFrameworksBuildPhase;
			buildActionMask = 2147483647;
			files = (
				0C5F7022248DA579000297AB /* libBestVPN.a in Frameworks */,
				0CD38B06248735A700DB2626 /* NIO in Frameworks */,
			);
			runOnlyForDeploymentPostprocessing = 0;
		};
		0C405BE62466FBFE00EB0786 /* Frameworks */ = {
			isa = PBXFrameworksBuildPhase;
			buildActionMask = 2147483647;
			files = (
				0C571CBA247050E5006B2931 /* NetworkExtension.framework in Frameworks */,
			);
			runOnlyForDeploymentPostprocessing = 0;
		};
		0CAE93D7246F4927007B2E95 /* Frameworks */ = {
			isa = PBXFrameworksBuildPhase;
			buildActionMask = 2147483647;
			files = (
				0C230CDA24884C35005FEEBD /* libBestVPN.a in Frameworks */,
				0C571CC42470B4D9006B2931 /* NetworkExtension.framework in Frameworks */,
			);
			runOnlyForDeploymentPostprocessing = 0;
		};
		0CD38AF62486C12E00DB2626 /* Frameworks */ = {
			isa = PBXFrameworksBuildPhase;
			buildActionMask = 2147483647;
			files = (
			);
			runOnlyForDeploymentPostprocessing = 0;
		};
/* End PBXFrameworksBuildPhase section */

/* Begin PBXGroup section */
		0C189C422479D280000EE6B3 /* vpn-server */ = {
			isa = PBXGroup;
			children = (
				0C189C432479D280000EE6B3 /* main.swift */,
			);
			path = "vpn-server";
			sourceTree = "<group>";
		};
		0C3C1B662470403600571084 /* Screens */ = {
			isa = PBXGroup;
			children = (
				0CA5FEBF2491B71F00C71D25 /* TunnelDetails */,
				0CAE940624702557007B2E95 /* WelcomeView.swift */,
				0C405BF02466FBFE00EB0786 /* RouterView.swift */,
				0C3C1B6424703D8600571084 /* PrimaryButton.swift */,
				0C3C1B682470404A00571084 /* Spinner.swift */,
				0C571CBB24705809006B2931 /* SplashView.swift */,
			);
			path = Screens;
			sourceTree = "<group>";
		};
		0C3C1B672470403C00571084 /* Services */ = {
			isa = PBXGroup;
			children = (
				0C3C1B5E247039EB00571084 /* VPNConfigurationService.swift */,
				0CA5FEBC2491B4B400C71D25 /* Keychain.swift */,
			);
			path = Services;
			sourceTree = "<group>";
		};
		0C405BE02466FBFE00EB0786 = {
			isa = PBXGroup;
			children = (
				0C3C1B5D24702E1C00571084 /* README.md */,
				0C405BEB2466FBFE00EB0786 /* vpn-client */,
				0CAE93DB246F4927007B2E95 /* vpn-tunnel */,
				0C189C422479D280000EE6B3 /* vpn-server */,
				0CD38AFA2486C12E00DB2626 /* vpn-protocol */,
				0C405BEA2466FBFE00EB0786 /* Products */,
				0C571CB8247050E5006B2931 /* Frameworks */,
			);
			sourceTree = "<group>";
		};
		0C405BEA2466FBFE00EB0786 /* Products */ = {
			isa = PBXGroup;
			children = (
				0C405BE92466FBFE00EB0786 /* vpn-client.app */,
				0CAE93DA246F4927007B2E95 /* vpn-tunnel.appex */,
				0C189C412479D280000EE6B3 /* vpn-server */,
				0CD38AF92486C12E00DB2626 /* libBestVPN.a */,
			);
			name = Products;
			sourceTree = "<group>";
		};
		0C405BEB2466FBFE00EB0786 /* vpn-client */ = {
			isa = PBXGroup;
			children = (
				0C571CB7247050E5006B2931 /* vpn-client.entitlements */,
				0C405BEC2466FBFE00EB0786 /* AppDelegate.swift */,
				0C405BEE2466FBFE00EB0786 /* SceneDelegate.swift */,
				0C3C1B672470403C00571084 /* Services */,
				0C3C1B662470403600571084 /* Screens */,
				0C405BF22466FC0000EB0786 /* Assets.xcassets */,
				0C405BF72466FC0000EB0786 /* LaunchScreen.storyboard */,
				0C405BFA2466FC0000EB0786 /* Info.plist */,
				0C405BF42466FC0000EB0786 /* Preview Content */,
			);
			path = "vpn-client";
			sourceTree = "<group>";
		};
		0C405BF42466FC0000EB0786 /* Preview Content */ = {
			isa = PBXGroup;
			children = (
				0C405BF52466FC0000EB0786 /* Preview Assets.xcassets */,
			);
			path = "Preview Content";
			sourceTree = "<group>";
		};
		0C571CB8247050E5006B2931 /* Frameworks */ = {
			isa = PBXGroup;
			children = (
				0C571CC22470B343006B2931 /* libresolv.tbd */,
				0C571CB9247050E5006B2931 /* NetworkExtension.framework */,
			);
			name = Frameworks;
			sourceTree = "<group>";
		};
		0CA5FEBF2491B71F00C71D25 /* TunnelDetails */ = {
			isa = PBXGroup;
			children = (
				0C3C1B6024703B5E00571084 /* TunnelDetailsView.swift */,
				0CA5FEC02491B72E00C71D25 /* TunnelDetailsViewModel.swift */,
			);
			path = TunnelDetails;
			sourceTree = "<group>";
		};
		0CAE93DB246F4927007B2E95 /* vpn-tunnel */ = {
			isa = PBXGroup;
			children = (
				0CAE93DC246F4927007B2E95 /* PacketTunnelProvider.swift */,
				0CAE93DE246F4927007B2E95 /* Info.plist */,
				0CAE93DF246F4927007B2E95 /* vpn_tunnel.entitlements */,
			);
			path = "vpn-tunnel";
			sourceTree = "<group>";
		};
		0CD38AFA2486C12E00DB2626 /* vpn-protocol */ = {
			isa = PBXGroup;
			children = (
				0CD38AFB2486C12E00DB2626 /* Packet.swift */,
				0C34DF92248D50E500FBBD11 /* Cipher.swift */,
			);
			path = "vpn-protocol";
			sourceTree = "<group>";
		};
/* End PBXGroup section */

/* Begin PBXNativeTarget section */
		0C189C402479D280000EE6B3 /* vpn-server */ = {
			isa = PBXNativeTarget;
			buildConfigurationList = 0C189C452479D280000EE6B3 /* Build configuration list for PBXNativeTarget "vpn-server" */;
			buildPhases = (
				0C189C3D2479D280000EE6B3 /* Sources */,
				0C189C3E2479D280000EE6B3 /* Frameworks */,
				0C189C3F2479D280000EE6B3 /* CopyFiles */,
			);
			buildRules = (
			);
			dependencies = (
				0C5F7024248DA579000297AB /* PBXTargetDependency */,
			);
			name = "vpn-server";
			packageProductDependencies = (
				0CD38B05248735A700DB2626 /* NIO */,
			);
			productName = "vpn-server";
			productReference = 0C189C412479D280000EE6B3 /* vpn-server */;
			productType = "com.apple.product-type.tool";
		};
		0C405BE82466FBFE00EB0786 /* vpn-client */ = {
			isa = PBXNativeTarget;
			buildConfigurationList = 0C405BFD2466FC0100EB0786 /* Build configuration list for PBXNativeTarget "vpn-client" */;
			buildPhases = (
				0C405BE52466FBFE00EB0786 /* Sources */,
				0C405BE62466FBFE00EB0786 /* Frameworks */,
				0C405BE72466FBFE00EB0786 /* Resources */,
				0CAE93D5246F4906007B2E95 /* Embed App Extensions */,
			);
			buildRules = (
			);
			dependencies = (
				0CAE93E1246F4927007B2E95 /* PBXTargetDependency */,
			);
			name = "vpn-client";
			productName = VPNClient;
			productReference = 0C405BE92466FBFE00EB0786 /* vpn-client.app */;
			productType = "com.apple.product-type.application";
		};
		0CAE93D9246F4927007B2E95 /* vpn-tunnel */ = {
			isa = PBXNativeTarget;
			buildConfigurationList = 0CAE93E3246F4927007B2E95 /* Build configuration list for PBXNativeTarget "vpn-tunnel" */;
			buildPhases = (
				0CAE93D6246F4927007B2E95 /* Sources */,
				0CAE93D7246F4927007B2E95 /* Frameworks */,
				0CAE93D8246F4927007B2E95 /* Resources */,
			);
			buildRules = (
			);
			dependencies = (
				0C230CDC24884C35005FEEBD /* PBXTargetDependency */,
			);
			name = "vpn-tunnel";
			productName = "vpn-tunnel";
			productReference = 0CAE93DA246F4927007B2E95 /* vpn-tunnel.appex */;
			productType = "com.apple.product-type.app-extension";
		};
		0CD38AF82486C12E00DB2626 /* vpn-protocol */ = {
			isa = PBXNativeTarget;
			buildConfigurationList = 0CD38AFD2486C12E00DB2626 /* Build configuration list for PBXNativeTarget "vpn-protocol" */;
			buildPhases = (
				0CD38AF52486C12E00DB2626 /* Sources */,
				0CD38AF62486C12E00DB2626 /* Frameworks */,
				0CD38AF72486C12E00DB2626 /* CopyFiles */,
			);
			buildRules = (
			);
			dependencies = (
			);
			name = "vpn-protocol";
			productName = "vpn-protocol";
			productReference = 0CD38AF92486C12E00DB2626 /* libBestVPN.a */;
			productType = "com.apple.product-type.library.static";
		};
/* End PBXNativeTarget section */

/* Begin PBXProject section */
		0C405BE12466FBFE00EB0786 /* Project object */ = {
			isa = PBXProject;
			attributes = {
				LastSwiftUpdateCheck = 1150;
				LastUpgradeCheck = 1140;
				ORGANIZATIONNAME = kean;
				TargetAttributes = {
					0C189C402479D280000EE6B3 = {
						CreatedOnToolsVersion = 11.5;
					};
					0C405BE82466FBFE00EB0786 = {
						CreatedOnToolsVersion = 11.4.1;
					};
					0CAE93D9246F4927007B2E95 = {
						CreatedOnToolsVersion = 11.4.1;
					};
					0CD38AF82486C12E00DB2626 = {
						CreatedOnToolsVersion = 11.5;
					};
				};
			};
			buildConfigurationList = 0C405BE42466FBFE00EB0786 /* Build configuration list for PBXProject "vpn" */;
			compatibilityVersion = "Xcode 9.3";
			developmentRegion = en;
			hasScannedForEncodings = 0;
			knownRegions = (
				en,
				Base,
			);
			mainGroup = 0C405BE02466FBFE00EB0786;
			packageReferences = (
				0CD38B04248735A700DB2626 /* XCRemoteSwiftPackageReference "swift-nio" */,
			);
			productRefGroup = 0C405BEA2466FBFE00EB0786 /* Products */;
			projectDirPath = "";
			projectRoot = "";
			targets = (
				0C405BE82466FBFE00EB0786 /* vpn-client */,
				0CAE93D9246F4927007B2E95 /* vpn-tunnel */,
				0C189C402479D280000EE6B3 /* vpn-server */,
				0CD38AF82486C12E00DB2626 /* vpn-protocol */,
			);
		};
/* End PBXProject section */

/* Begin PBXResourcesBuildPhase section */
		0C405BE72466FBFE00EB0786 /* Resources */ = {
			isa = PBXResourcesBuildPhase;
			buildActionMask = 2147483647;
			files = (
				0C405BF92466FC0000EB0786 /* LaunchScreen.storyboard in Resources */,
				0C405BF62466FC0000EB0786 /* Preview Assets.xcassets in Resources */,
				0C405BF32466FC0000EB0786 /* Assets.xcassets in Resources */,
			);
			runOnlyForDeploymentPostprocessing = 0;
		};
		0CAE93D8246F4927007B2E95 /* Resources */ = {
			isa = PBXResourcesBuildPhase;
			buildActionMask = 2147483647;
			files = (
			);
			runOnlyForDeploymentPostprocessing = 0;
		};
/* End PBXResourcesBuildPhase section */

/* Begin PBXSourcesBuildPhase section */
		0C189C3D2479D280000EE6B3 /* Sources */ = {
			isa = PBXSourcesBuildPhase;
			buildActionMask = 2147483647;
			files = (
				0C189C482479D399000EE6B3 /* main.swift in Sources */,
			);
			runOnlyForDeploymentPostprocessing = 0;
		};
		0C405BE52466FBFE00EB0786 /* Sources */ = {
			isa = PBXSourcesBuildPhase;
			buildActionMask = 2147483647;
			files = (
				0C405BED2466FBFE00EB0786 /* AppDelegate.swift in Sources */,
				0C405BEF2466FBFE00EB0786 /* SceneDelegate.swift in Sources */,
				0C3C1B6124703B5E00571084 /* TunnelDetailsView.swift in Sources */,
				0CA5FEC12491B72E00C71D25 /* TunnelDetailsViewModel.swift in Sources */,
				0C3C1B5F247039EB00571084 /* VPNConfigurationService.swift in Sources */,
				0C405BF12466FBFE00EB0786 /* RouterView.swift in Sources */,
				0CAE940724702557007B2E95 /* WelcomeView.swift in Sources */,
				0C3C1B6524703D8600571084 /* PrimaryButton.swift in Sources */,
				0C3C1B692470404A00571084 /* Spinner.swift in Sources */,
				0C571CBC24705809006B2931 /* SplashView.swift in Sources */,
				0CA5FEBD2491B4B400C71D25 /* Keychain.swift in Sources */,
			);
			runOnlyForDeploymentPostprocessing = 0;
		};
		0CAE93D6246F4927007B2E95 /* Sources */ = {
			isa = PBXSourcesBuildPhase;
			buildActionMask = 2147483647;
			files = (
				0CAE93DD246F4927007B2E95 /* PacketTunnelProvider.swift in Sources */,
				0CA5FEBE2491B4B400C71D25 /* Keychain.swift in Sources */,
			);
			runOnlyForDeploymentPostprocessing = 0;
		};
		0CD38AF52486C12E00DB2626 /* Sources */ = {
			isa = PBXSourcesBuildPhase;
			buildActionMask = 2147483647;
			files = (
				0C34DF93248D50E500FBBD11 /* Cipher.swift in Sources */,
				0CD38AFC2486C12E00DB2626 /* Packet.swift in Sources */,
			);
			runOnlyForDeploymentPostprocessing = 0;
		};
/* End PBXSourcesBuildPhase section */

/* Begin PBXTargetDependency section */
		0C230CDC24884C35005FEEBD /* PBXTargetDependency */ = {
			isa = PBXTargetDependency;
			target = 0CD38AF82486C12E00DB2626 /* vpn-protocol */;
			targetProxy = 0C230CDB24884C35005FEEBD /* PBXContainerItemProxy */;
		};
		0C5F7024248DA579000297AB /* PBXTargetDependency */ = {
			isa = PBXTargetDependency;
			target = 0CD38AF82486C12E00DB2626 /* vpn-protocol */;
			targetProxy = 0C5F7023248DA579000297AB /* PBXContainerItemProxy */;
		};
		0CAE93E1246F4927007B2E95 /* PBXTargetDependency */ = {
			isa = PBXTargetDependency;
			target = 0CAE93D9246F4927007B2E95 /* vpn-tunnel */;
			targetProxy = 0CAE93E0246F4927007B2E95 /* PBXContainerItemProxy */;
		};
/* End PBXTargetDependency section */

/* Begin PBXVariantGroup section */
		0C405BF72466FC0000EB0786 /* LaunchScreen.storyboard */ = {
			isa = PBXVariantGroup;
			children = (
				0C405BF82466FC0000EB0786 /* Base */,
			);
			name = LaunchScreen.storyboard;
			sourceTree = "<group>";
		};
/* End PBXVariantGroup section */

/* Begin XCBuildConfiguration section */
		0C189C462479D280000EE6B3 /* Debug */ = {
			isa = XCBuildConfiguration;
			buildSettings = {
				CODE_SIGN_STYLE = Automatic;
				MACOSX_DEPLOYMENT_TARGET = 10.15;
				PRODUCT_NAME = "$(TARGET_NAME)";
				SDKROOT = macosx;
				SWIFT_VERSION = 5.0;
			};
			name = Debug;
		};
		0C189C472479D280000EE6B3 /* Release */ = {
			isa = XCBuildConfiguration;
			buildSettings = {
				CODE_SIGN_STYLE = Automatic;
				MACOSX_DEPLOYMENT_TARGET = 10.15;
				PRODUCT_NAME = "$(TARGET_NAME)";
				SDKROOT = macosx;
				SWIFT_VERSION = 5.0;
			};
			name = Release;
		};
		0C405BFB2466FC0100EB0786 /* Debug */ = {
			isa = XCBuildConfiguration;
			buildSettings = {
				ALWAYS_SEARCH_USER_PATHS = NO;
				CLANG_ANALYZER_NONNULL = YES;
				CLANG_ANALYZER_NUMBER_OBJECT_CONVERSION = YES_AGGRESSIVE;
				CLANG_CXX_LANGUAGE_STANDARD = "gnu++14";
				CLANG_CXX_LIBRARY = "libc++";
				CLANG_ENABLE_MODULES = YES;
				CLANG_ENABLE_OBJC_ARC = YES;
				CLANG_ENABLE_OBJC_WEAK = YES;
				CLANG_WARN_BLOCK_CAPTURE_AUTORELEASING = YES;
				CLANG_WARN_BOOL_CONVERSION = YES;
				CLANG_WARN_COMMA = YES;
				CLANG_WARN_CONSTANT_CONVERSION = YES;
				CLANG_WARN_DEPRECATED_OBJC_IMPLEMENTATIONS = YES;
				CLANG_WARN_DIRECT_OBJC_ISA_USAGE = YES_ERROR;
				CLANG_WARN_DOCUMENTATION_COMMENTS = YES;
				CLANG_WARN_EMPTY_BODY = YES;
				CLANG_WARN_ENUM_CONVERSION = YES;
				CLANG_WARN_INFINITE_RECURSION = YES;
				CLANG_WARN_INT_CONVERSION = YES;
				CLANG_WARN_NON_LITERAL_NULL_CONVERSION = YES;
				CLANG_WARN_OBJC_IMPLICIT_RETAIN_SELF = YES;
				CLANG_WARN_OBJC_LITERAL_CONVERSION = YES;
				CLANG_WARN_OBJC_ROOT_CLASS = YES_ERROR;
				CLANG_WARN_RANGE_LOOP_ANALYSIS = YES;
				CLANG_WARN_STRICT_PROTOTYPES = YES;
				CLANG_WARN_SUSPICIOUS_MOVE = YES;
				CLANG_WARN_UNGUARDED_AVAILABILITY = YES_AGGRESSIVE;
				CLANG_WARN_UNREACHABLE_CODE = YES;
				CLANG_WARN__DUPLICATE_METHOD_MATCH = YES;
				COPY_PHASE_STRIP = NO;
				DEBUG_INFORMATION_FORMAT = dwarf;
				ENABLE_STRICT_OBJC_MSGSEND = YES;
				ENABLE_TESTABILITY = YES;
				GCC_C_LANGUAGE_STANDARD = gnu11;
				GCC_DYNAMIC_NO_PIC = NO;
				GCC_NO_COMMON_BLOCKS = YES;
				GCC_OPTIMIZATION_LEVEL = 0;
				GCC_PREPROCESSOR_DEFINITIONS = (
					"DEBUG=1",
					"$(inherited)",
				);
				GCC_WARN_64_TO_32_BIT_CONVERSION = YES;
				GCC_WARN_ABOUT_RETURN_TYPE = YES_ERROR;
				GCC_WARN_UNDECLARED_SELECTOR = YES;
				GCC_WARN_UNINITIALIZED_AUTOS = YES_AGGRESSIVE;
				GCC_WARN_UNUSED_FUNCTION = YES;
				GCC_WARN_UNUSED_VARIABLE = YES;
				IPHONEOS_DEPLOYMENT_TARGET = 13.0;
				MTL_ENABLE_DEBUG_INFO = INCLUDE_SOURCE;
				MTL_FAST_MATH = YES;
				ONLY_ACTIVE_ARCH = YES;
				SDKROOT = iphoneos;
				SWIFT_ACTIVE_COMPILATION_CONDITIONS = DEBUG;
				SWIFT_OPTIMIZATION_LEVEL = "-Onone";
			};
			name = Debug;
		};
		0C405BFC2466FC0100EB0786 /* Release */ = {
			isa = XCBuildConfiguration;
			buildSettings = {
				ALWAYS_SEARCH_USER_PATHS = NO;
				CLANG_ANALYZER_NONNULL = YES;
				CLANG_ANALYZER_NUMBER_OBJECT_CONVERSION = YES_AGGRESSIVE;
				CLANG_CXX_LANGUAGE_STANDARD = "gnu++14";
				CLANG_CXX_LIBRARY = "libc++";
				CLANG_ENABLE_MODULES = YES;
				CLANG_ENABLE_OBJC_ARC = YES;
				CLANG_ENABLE_OBJC_WEAK = YES;
				CLANG_WARN_BLOCK_CAPTURE_AUTORELEASING = YES;
				CLANG_WARN_BOOL_CONVERSION = YES;
				CLANG_WARN_COMMA = YES;
				CLANG_WARN_CONSTANT_CONVERSION = YES;
				CLANG_WARN_DEPRECATED_OBJC_IMPLEMENTATIONS = YES;
				CLANG_WARN_DIRECT_OBJC_ISA_USAGE = YES_ERROR;
				CLANG_WARN_DOCUMENTATION_COMMENTS = YES;
				CLANG_WARN_EMPTY_BODY = YES;
				CLANG_WARN_ENUM_CONVERSION = YES;
				CLANG_WARN_INFINITE_RECURSION = YES;
				CLANG_WARN_INT_CONVERSION = YES;
				CLANG_WARN_NON_LITERAL_NULL_CONVERSION = YES;
				CLANG_WARN_OBJC_IMPLICIT_RETAIN_SELF = YES;
				CLANG_WARN_OBJC_LITERAL_CONVERSION = YES;
				CLANG_WARN_OBJC_ROOT_CLASS = YES_ERROR;
				CLANG_WARN_RANGE_LOOP_ANALYSIS = YES;
				CLANG_WARN_STRICT_PROTOTYPES = YES;
				CLANG_WARN_SUSPICIOUS_MOVE = YES;
				CLANG_WARN_UNGUARDED_AVAILABILITY = YES_AGGRESSIVE;
				CLANG_WARN_UNREACHABLE_CODE = YES;
				CLANG_WARN__DUPLICATE_METHOD_MATCH = YES;
				COPY_PHASE_STRIP = NO;
				DEBUG_INFORMATION_FORMAT = "dwarf-with-dsym";
				ENABLE_NS_ASSERTIONS = NO;
				ENABLE_STRICT_OBJC_MSGSEND = YES;
				GCC_C_LANGUAGE_STANDARD = gnu11;
				GCC_NO_COMMON_BLOCKS = YES;
				GCC_WARN_64_TO_32_BIT_CONVERSION = YES;
				GCC_WARN_ABOUT_RETURN_TYPE = YES_ERROR;
				GCC_WARN_UNDECLARED_SELECTOR = YES;
				GCC_WARN_UNINITIALIZED_AUTOS = YES_AGGRESSIVE;
				GCC_WARN_UNUSED_FUNCTION = YES;
				GCC_WARN_UNUSED_VARIABLE = YES;
				IPHONEOS_DEPLOYMENT_TARGET = 13.0;
				MTL_ENABLE_DEBUG_INFO = NO;
				MTL_FAST_MATH = YES;
				SDKROOT = iphoneos;
				SWIFT_COMPILATION_MODE = wholemodule;
				SWIFT_OPTIMIZATION_LEVEL = "-O";
				VALIDATE_PRODUCT = YES;
			};
			name = Release;
		};
		0C405BFE2466FC0100EB0786 /* Debug */ = {
			isa = XCBuildConfiguration;
			buildSettings = {
				ALWAYS_EMBED_SWIFT_STANDARD_LIBRARIES = YES;
				ASSETCATALOG_COMPILER_APPICON_NAME = AppIcon;
				CODE_SIGN_ENTITLEMENTS = "vpn-client/vpn-client.entitlements";
				CODE_SIGN_STYLE = Automatic;
				DEVELOPMENT_ASSET_PATHS = "\"vpn-client/Preview Content\"";
				DEVELOPMENT_TEAM = NR8DLKJ7E6;
				ENABLE_PREVIEWS = YES;
				INFOPLIST_FILE = "vpn-client/Info.plist";
				LD_RUNPATH_SEARCH_PATHS = (
					"$(inherited)",
					"@executable_path/Frameworks",
				);
				PRODUCT_BUNDLE_IDENTIFIER = "com.github.kean.vpn-client";
				PRODUCT_NAME = "$(TARGET_NAME)";
				SWIFT_VERSION = 5.0;
				TARGETED_DEVICE_FAMILY = "1,2";
			};
			name = Debug;
		};
		0C405BFF2466FC0100EB0786 /* Release */ = {
			isa = XCBuildConfiguration;
			buildSettings = {
				ALWAYS_EMBED_SWIFT_STANDARD_LIBRARIES = YES;
				ASSETCATALOG_COMPILER_APPICON_NAME = AppIcon;
				CODE_SIGN_ENTITLEMENTS = "vpn-client/vpn-client.entitlements";
				CODE_SIGN_STYLE = Automatic;
				DEVELOPMENT_ASSET_PATHS = "\"vpn-client/Preview Content\"";
				DEVELOPMENT_TEAM = NR8DLKJ7E6;
				ENABLE_PREVIEWS = YES;
				INFOPLIST_FILE = "vpn-client/Info.plist";
				LD_RUNPATH_SEARCH_PATHS = (
					"$(inherited)",
					"@executable_path/Frameworks",
				);
				PRODUCT_BUNDLE_IDENTIFIER = "com.github.kean.vpn-client";
				PRODUCT_NAME = "$(TARGET_NAME)";
				SWIFT_VERSION = 5.0;
				TARGETED_DEVICE_FAMILY = "1,2";
			};
			name = Release;
		};
		0CAE93E4246F4927007B2E95 /* Debug */ = {
			isa = XCBuildConfiguration;
			buildSettings = {
				CODE_SIGN_ENTITLEMENTS = "vpn-tunnel/vpn_tunnel.entitlements";
				CODE_SIGN_STYLE = Automatic;
				DEVELOPMENT_TEAM = NR8DLKJ7E6;
				INFOPLIST_FILE = "vpn-tunnel/Info.plist";
				LD_RUNPATH_SEARCH_PATHS = (
					"$(inherited)",
					"@executable_path/Frameworks",
					"@executable_path/../../Frameworks",
				);
				PRODUCT_BUNDLE_IDENTIFIER = "com.github.kean.vpn-client.vpn-tunnel";
				PRODUCT_NAME = "$(TARGET_NAME)";
				SKIP_INSTALL = YES;
				SWIFT_VERSION = 5.0;
				TARGETED_DEVICE_FAMILY = "1,2";
			};
			name = Debug;
		};
		0CAE93E5246F4927007B2E95 /* Release */ = {
			isa = XCBuildConfiguration;
			buildSettings = {
				CODE_SIGN_ENTITLEMENTS = "vpn-tunnel/vpn_tunnel.entitlements";
				CODE_SIGN_STYLE = Automatic;
				DEVELOPMENT_TEAM = NR8DLKJ7E6;
				INFOPLIST_FILE = "vpn-tunnel/Info.plist";
				LD_RUNPATH_SEARCH_PATHS = (
					"$(inherited)",
					"@executable_path/Frameworks",
					"@executable_path/../../Frameworks",
				);
				PRODUCT_BUNDLE_IDENTIFIER = "com.github.kean.vpn-client.vpn-tunnel";
				PRODUCT_NAME = "$(TARGET_NAME)";
				SKIP_INSTALL = YES;
				SWIFT_VERSION = 5.0;
				TARGETED_DEVICE_FAMILY = "1,2";
			};
			name = Release;
		};
		0CD38AFE2486C12E00DB2626 /* Debug */ = {
			isa = XCBuildConfiguration;
			buildSettings = {
				CODE_SIGN_STYLE = Automatic;
				IPHONEOS_DEPLOYMENT_TARGET = 13.0;
				OTHER_LDFLAGS = "-ObjC";
				PRODUCT_NAME = BestVPN;
				SKIP_INSTALL = YES;
				SUPPORTED_PLATFORMS = "iphonesimulator iphoneos macosx";
				SWIFT_VERSION = 5.0;
				TARGETED_DEVICE_FAMILY = "1,2";
			};
			name = Debug;
		};
		0CD38AFF2486C12E00DB2626 /* Release */ = {
			isa = XCBuildConfiguration;
			buildSettings = {
				CODE_SIGN_STYLE = Automatic;
				IPHONEOS_DEPLOYMENT_TARGET = 13.0;
				OTHER_LDFLAGS = "-ObjC";
				PRODUCT_NAME = BestVPN;
				SKIP_INSTALL = YES;
				SUPPORTED_PLATFORMS = "iphonesimulator iphoneos macosx";
				SWIFT_VERSION = 5.0;
				TARGETED_DEVICE_FAMILY = "1,2";
			};
			name = Release;
		};
/* End XCBuildConfiguration section */

/* Begin XCConfigurationList section */
		0C189C452479D280000EE6B3 /* Build configuration list for PBXNativeTarget "vpn-server" */ = {
			isa = XCConfigurationList;
			buildConfigurations = (
				0C189C462479D280000EE6B3 /* Debug */,
				0C189C472479D280000EE6B3 /* Release */,
			);
			defaultConfigurationIsVisible = 0;
			defaultConfigurationName = Release;
		};
		0C405BE42466FBFE00EB0786 /* Build configuration list for PBXProject "vpn" */ = {
			isa = XCConfigurationList;
			buildConfigurations = (
				0C405BFB2466FC0100EB0786 /* Debug */,
				0C405BFC2466FC0100EB0786 /* Release */,
			);
			defaultConfigurationIsVisible = 0;
			defaultConfigurationName = Release;
		};
		0C405BFD2466FC0100EB0786 /* Build configuration list for PBXNativeTarget "vpn-client" */ = {
			isa = XCConfigurationList;
			buildConfigurations = (
				0C405BFE2466FC0100EB0786 /* Debug */,
				0C405BFF2466FC0100EB0786 /* Release */,
			);
			defaultConfigurationIsVisible = 0;
			defaultConfigurationName = Release;
		};
		0CAE93E3246F4927007B2E95 /* Build configuration list for PBXNativeTarget "vpn-tunnel" */ = {
			isa = XCConfigurationList;
			buildConfigurations = (
				0CAE93E4246F4927007B2E95 /* Debug */,
				0CAE93E5246F4927007B2E95 /* Release */,
			);
			defaultConfigurationIsVisible = 0;
			defaultConfigurationName = Release;
		};
		0CD38AFD2486C12E00DB2626 /* Build configuration list for PBXNativeTarget "vpn-protocol" */ = {
			isa = XCConfigurationList;
			buildConfigurations = (
				0CD38AFE2486C12E00DB2626 /* Debug */,
				0CD38AFF2486C12E00DB2626 /* Release */,
			);
			defaultConfigurationIsVisible = 0;
			defaultConfigurationName = Release;
		};
/* End XCConfigurationList section */

/* Begin XCRemoteSwiftPackageReference section */
		0CD38B04248735A700DB2626 /* XCRemoteSwiftPackageReference "swift-nio" */ = {
			isa = XCRemoteSwiftPackageReference;
			repositoryURL = "https://github.com/apple/swift-nio";
			requirement = {
				kind = upToNextMajorVersion;
				minimumVersion = 2.17.0;
			};
		};
/* End XCRemoteSwiftPackageReference section */

/* Begin XCSwiftPackageProductDependency section */
		0CD38B05248735A700DB2626 /* NIO */ = {
			isa = XCSwiftPackageProductDependency;
			package = 0CD38B04248735A700DB2626 /* XCRemoteSwiftPackageReference "swift-nio" */;
			productName = NIO;
		};
/* End XCSwiftPackageProductDependency section */
	};
	rootObject = 0C405BE12466FBFE00EB0786 /* Project object */;
}
